
Microsoft Visual Studio Solution File, Format Version 12.00
# Visual Studio Version 16
VisualStudioVersion = 16.0.30114.105
MinimumVisualStudioVersion = 10.0.40219.1
Project("{FAE04EC0-301F-11D3-BF4B-00C04F79EFBC}") = "R5T.Stockholm.Tiros", "R5T.Stockholm.Tiros\R5T.Stockholm.Tiros.csproj", "{7299EB6E-6F26-4DE1-85B1-1F18327B7FE8}"
EndProject
Project("{FAE04EC0-301F-11D3-BF4B-00C04F79EFBC}") = "R5T.Stockholm.Tiros.Construction", "R5T.Stockholm.Tiros.Construction\R5T.Stockholm.Tiros.Construction.csproj", "{5250F6AC-F3BC-45AB-99AE-61ACE68206A3}"
EndProject
Project("{FAE04EC0-301F-11D3-BF4B-00C04F79EFBC}") = "R5T.Stockholm.Tiros.Testing", "R5T.Stockholm.Tiros.Testing\R5T.Stockholm.Tiros.Testing.csproj", "{DBFCD4B3-4850-416B-B428-6EA8E2C5B35B}"
EndProject
Project("{2150E333-8FDC-42A3-9474-1A3956D46DE8}") = "_Dependencies", "_Dependencies", "{1CF150E0-6C56-47DE-837E-B37F2C255973}"
EndProject
Project("{FAE04EC0-301F-11D3-BF4B-00C04F79EFBC}") = "R5T.T0064", "..\..\R5T.T0064\source\R5T.T0064\R5T.T0064.csproj", "{BB1F0255-2248-4B96-9606-FAA0FC8D302F}"
EndProject
Global
	GlobalSection(SolutionConfigurationPlatforms) = preSolution
		Debug|Any CPU = Debug|Any CPU
		Debug|x64 = Debug|x64
		Debug|x86 = Debug|x86
		Release|Any CPU = Release|Any CPU
		Release|x64 = Release|x64
		Release|x86 = Release|x86
	EndGlobalSection
	GlobalSection(SolutionProperties) = preSolution
		HideSolutionNode = FALSE
	EndGlobalSection
	GlobalSection(ProjectConfigurationPlatforms) = postSolution
		{7299EB6E-6F26-4DE1-85B1-1F18327B7FE8}.Debug|Any CPU.ActiveCfg = Debug|Any CPU
		{7299EB6E-6F26-4DE1-85B1-1F18327B7FE8}.Debug|Any CPU.Build.0 = Debug|Any CPU
		{7299EB6E-6F26-4DE1-85B1-1F18327B7FE8}.Debug|x64.ActiveCfg = Debug|Any CPU
		{7299EB6E-6F26-4DE1-85B1-1F18327B7FE8}.Debug|x64.Build.0 = Debug|Any CPU
		{7299EB6E-6F26-4DE1-85B1-1F18327B7FE8}.Debug|x86.ActiveCfg = Debug|Any CPU
		{7299EB6E-6F26-4DE1-85B1-1F18327B7FE8}.Debug|x86.Build.0 = Debug|Any CPU
		{7299EB6E-6F26-4DE1-85B1-1F18327B7FE8}.Release|Any CPU.ActiveCfg = Release|Any CPU
		{7299EB6E-6F26-4DE1-85B1-1F18327B7FE8}.Release|Any CPU.Build.0 = Release|Any CPU
		{7299EB6E-6F26-4DE1-85B1-1F18327B7FE8}.Release|x64.ActiveCfg = Release|Any CPU
		{7299EB6E-6F26-4DE1-85B1-1F18327B7FE8}.Release|x64.Build.0 = Release|Any CPU
		{7299EB6E-6F26-4DE1-85B1-1F18327B7FE8}.Release|x86.ActiveCfg = Release|Any CPU
		{7299EB6E-6F26-4DE1-85B1-1F18327B7FE8}.Release|x86.Build.0 = Release|Any CPU
		{5250F6AC-F3BC-45AB-99AE-61ACE68206A3}.Debug|Any CPU.ActiveCfg = Debug|Any CPU
		{5250F6AC-F3BC-45AB-99AE-61ACE68206A3}.Debug|Any CPU.Build.0 = Debug|Any CPU
		{5250F6AC-F3BC-45AB-99AE-61ACE68206A3}.Debug|x64.ActiveCfg = Debug|Any CPU
		{5250F6AC-F3BC-45AB-99AE-61ACE68206A3}.Debug|x64.Build.0 = Debug|Any CPU
		{5250F6AC-F3BC-45AB-99AE-61ACE68206A3}.Debug|x86.ActiveCfg = Debug|Any CPU
		{5250F6AC-F3BC-45AB-99AE-61ACE68206A3}.Debug|x86.Build.0 = Debug|Any CPU
		{5250F6AC-F3BC-45AB-99AE-61ACE68206A3}.Release|Any CPU.ActiveCfg = Release|Any CPU
		{5250F6AC-F3BC-45AB-99AE-61ACE68206A3}.Release|Any CPU.Build.0 = Release|Any CPU
		{5250F6AC-F3BC-45AB-99AE-61ACE68206A3}.Release|x64.ActiveCfg = Release|Any CPU
		{5250F6AC-F3BC-45AB-99AE-61ACE68206A3}.Release|x64.Build.0 = Release|Any CPU
		{5250F6AC-F3BC-45AB-99AE-61ACE68206A3}.Release|x86.ActiveCfg = Release|Any CPU
		{5250F6AC-F3BC-45AB-99AE-61ACE68206A3}.Release|x86.Build.0 = Release|Any CPU
		{DBFCD4B3-4850-416B-B428-6EA8E2C5B35B}.Debug|Any CPU.ActiveCfg = Debug|Any CPU
		{DBFCD4B3-4850-416B-B428-6EA8E2C5B35B}.Debug|Any CPU.Build.0 = Debug|Any CPU
		{DBFCD4B3-4850-416B-B428-6EA8E2C5B35B}.Debug|x64.ActiveCfg = Debug|Any CPU
		{DBFCD4B3-4850-416B-B428-6EA8E2C5B35B}.Debug|x64.Build.0 = Debug|Any CPU
		{DBFCD4B3-4850-416B-B428-6EA8E2C5B35B}.Debug|x86.ActiveCfg = Debug|Any CPU
		{DBFCD4B3-4850-416B-B428-6EA8E2C5B35B}.Debug|x86.Build.0 = Debug|Any CPU
		{DBFCD4B3-4850-416B-B428-6EA8E2C5B35B}.Release|Any CPU.ActiveCfg = Release|Any CPU
		{DBFCD4B3-4850-416B-B428-6EA8E2C5B35B}.Release|Any CPU.Build.0 = Release|Any CPU
		{DBFCD4B3-4850-416B-B428-6EA8E2C5B35B}.Release|x64.ActiveCfg = Release|Any CPU
		{DBFCD4B3-4850-416B-B428-6EA8E2C5B35B}.Release|x64.Build.0 = Release|Any CPU
		{DBFCD4B3-4850-416B-B428-6EA8E2C5B35B}.Release|x86.ActiveCfg = Release|Any CPU
		{DBFCD4B3-4850-416B-B428-6EA8E2C5B35B}.Release|x86.Build.0 = Release|Any CPU
		{BB1F0255-2248-4B96-9606-FAA0FC8D302F}.Debug|Any CPU.ActiveCfg = Debug|Any CPU
		{BB1F0255-2248-4B96-9606-FAA0FC8D302F}.Debug|Any CPU.Build.0 = Debug|Any CPU
		{BB1F0255-2248-4B96-9606-FAA0FC8D302F}.Debug|x64.ActiveCfg = Debug|Any CPU
		{BB1F0255-2248-4B96-9606-FAA0FC8D302F}.Debug|x64.Build.0 = Debug|Any CPU
		{BB1F0255-2248-4B96-9606-FAA0FC8D302F}.Debug|x86.ActiveCfg = Debug|Any CPU
		{BB1F0255-2248-4B96-9606-FAA0FC8D302F}.Debug|x86.Build.0 = Debug|Any CPU
		{BB1F0255-2248-4B96-9606-FAA0FC8D302F}.Release|Any CPU.ActiveCfg = Release|Any CPU
		{BB1F0255-2248-4B96-9606-FAA0FC8D302F}.Release|Any CPU.Build.0 = Release|Any CPU
		{BB1F0255-2248-4B96-9606-FAA0FC8D302F}.Release|x64.ActiveCfg = Release|Any CPU
		{BB1F0255-2248-4B96-9606-FAA0FC8D302F}.Release|x64.Build.0 = Release|Any CPU
		{BB1F0255-2248-4B96-9606-FAA0FC8D302F}.Release|x86.ActiveCfg = Release|Any CPU
		{BB1F0255-2248-4B96-9606-FAA0FC8D302F}.Release|x86.Build.0 = Release|Any CPU
	EndGlobalSection
	GlobalSection(NestedProjects) = preSolution
		{BB1F0255-2248-4B96-9606-FAA0FC8D302F} = {1CF150E0-6C56-47DE-837E-B37F2C255973}
	EndGlobalSection
EndGlobal
